<?xml version="1.0" encoding="utf-8"?>
<Project ToolsVersion="4.0" xmlns="http://schemas.microsoft.com/developer/msbuild/2003">
  <ItemGroup>
    <Filter Include="core">
      <UniqueIdentifier>{5814f664-151f-44c3-9ef1-b0b69a6eef05}</UniqueIdentifier>
    </Filter>
    <Filter Include="test">
      <UniqueIdentifier>{74198901-6520-42f9-8f5f-fb5d291ccfa0}</UniqueIdentifier>
    </Filter>
    <Filter Include="app">
      <UniqueIdentifier>{be61432b-172c-48ec-8e6f-d7985fbed124}</UniqueIdentifier>
    </Filter>
    <Filter Include="engine">
      <UniqueIdentifier>{fd485f03-4304-4a3c-9cac-9f8f7a986797}</UniqueIdentifier>
    </Filter>
    <Filter Include="net">
      <UniqueIdentifier>{56e512ba-3dc0-441a-ac6b-7e364e1f659a}</UniqueIdentifier>
    </Filter>
  </ItemGroup>
  <ItemGroup>
    <Text Include="network\CMakeLists.txt">
      <Filter>net</Filter>
    </Text>
    <Text Include="test\CMakeLists.txt">
      <Filter>test</Filter>
    </Text>
    <Text Include="CMakeLists.txt" />
    <Text Include="app\CMakeLists.txt">
      <Filter>app</Filter>
    </Text>
    <Text Include="core\core\CMakeLists.txt">
      <Filter>core</Filter>
    </Text>
    <Text Include="core\CMakeLists.txt">
      <Filter>core</Filter>
    </Text>
    <Text Include="engine\CMakeLists.txt">
      <Filter>engine</Filter>
    </Text>
  </ItemGroup>
  <ItemGroup>
    <ClInclude Include="network\Address.h">
      <Filter>net</Filter>
    </ClInclude>
    <ClInclude Include="network\Common.h">
      <Filter>net</Filter>
    </ClInclude>
    <ClInclude Include="network\Configs.h">
      <Filter>net</Filter>
    </ClInclude>
    <ClInclude Include="network\Endpoint.h">
      <Filter>net</Filter>
    </ClInclude>
    <ClInclude Include="app\Configs.h">
      <Filter>app</Filter>
    </ClInclude>
    <ClInclude Include="core\core\Common.h">
      <Filter>core</Filter>
    </ClInclude>
    <ClInclude Include="core\core\Configs.h">
      <Filter>core</Filter>
    </ClInclude>
    <ClInclude Include="core\core\FastNode.h">
      <Filter>core</Filter>
    </ClInclude>
    <ClInclude Include="core\core\NonCopyable.h">
      <Filter>core</Filter>
    </ClInclude>
    <ClInclude Include="core\core\ObjectPools.h">
      <Filter>core</Filter>
    </ClInclude>
    <ClInclude Include="core\core\Singleton.h">
      <Filter>core</Filter>
    </ClInclude>
    <ClInclude Include="core\core\TimeHelp.h">
      <Filter>core</Filter>
    </ClInclude>
    <ClInclude Include="core\core\Timers.h">
      <Filter>core</Filter>
    </ClInclude>
    <ClInclude Include="core\core\TimerSet.h">
      <Filter>core</Filter>
    </ClInclude>
    <ClInclude Include="core\core\TimerWheel.h">
      <Filter>core</Filter>
    </ClInclude>
    <ClInclude Include="core\core\KeyPool.h">
      <Filter>core</Filter>
    </ClInclude>
    <ClInclude Include="core\core\Macro.h">
      <Filter>core</Filter>
    </ClInclude>
    <ClInclude Include="core\core\Queue.h">
      <Filter>core</Filter>
    </ClInclude>
    <ClInclude Include="engine\Configs.h">
      <Filter>engine</Filter>
    </ClInclude>
    <ClInclude Include="network\Network.h">
      <Filter>net</Filter>
    </ClInclude>
    <ClInclude Include="network\IOObject.h">
      <Filter>net</Filter>
    </ClInclude>
    <ClInclude Include="network\IOProtocol.h">
      <Filter>net</Filter>
    </ClInclude>
    <ClInclude Include="network\TCP_IOObjects.h">
      <Filter>net</Filter>
    </ClInclude>
    <ClInclude Include="network\Poller.h">
      <Filter>net</Filter>
    </ClInclude>
    <ClInclude Include="network\EPoller.h">
      <Filter>net</Filter>
    </ClInclude>
    <ClInclude Include="network\IOEvent.h">
      <Filter>net</Filter>
    </ClInclude>
    <ClInclude Include="network\IOEvents.h">
      <Filter>net</Filter>
    </ClInclude>
    <ClInclude Include="network\IOObjects.h">
      <Filter>net</Filter>
    </ClInclude>
    <ClInclude Include="network\Buffer.h">
      <Filter>net</Filter>
    </ClInclude>
    <ClInclude Include="network\BufferReader.h">
      <Filter>net</Filter>
    </ClInclude>
    <ClInclude Include="network\BufferWriter.h">
      <Filter>net</Filter>
    </ClInclude>
    <ClInclude Include="network\IBuffer.h">
      <Filter>net</Filter>
    </ClInclude>
    <ClInclude Include="network\IStream.h">
      <Filter>net</Filter>
    </ClInclude>
    <ClInclude Include="network\RingBuffer.h">
      <Filter>net</Filter>
    </ClInclude>
    <ClInclude Include="engine\IOEngine.h">
      <Filter>engine</Filter>
    </ClInclude>
    <ClInclude Include="engine\IOProtocolEx.h">
      <Filter>engine</Filter>
    </ClInclude>
    <ClInclude Include="engine\Packet.h">
      <Filter>engine</Filter>
    </ClInclude>
  </ItemGroup>
  <ItemGroup>
    <ClCompile Include="network\Address.cpp">
      <Filter>net</Filter>
    </ClCompile>
    <ClCompile Include="test\main.cpp">
      <Filter>test</Filter>
    </ClCompile>
    <ClCompile Include="network\Endpoint.cpp">
      <Filter>net</Filter>
    </ClCompile>
    <ClCompile Include="core\core\TimeHelp.cpp">
      <Filter>core</Filter>
    </ClCompile>
    <ClCompile Include="core\core\Timers.cpp">
      <Filter>core</Filter>
    </ClCompile>
    <ClCompile Include="core\core\TimerSet.cpp">
      <Filter>core</Filter>
    </ClCompile>
    <ClCompile Include="core\core\TimerWheel.cpp">
      <Filter>core</Filter>
    </ClCompile>
    <ClCompile Include="network\Network.cpp">
      <Filter>net</Filter>
    </ClCompile>
    <ClCompile Include="network\IOProtocol.cpp">
      <Filter>net</Filter>
    </ClCompile>
    <ClCompile Include="network\Poller.cpp">
      <Filter>net</Filter>
    </ClCompile>
    <ClCompile Include="network\EPoller.cpp">
      <Filter>net</Filter>
    </ClCompile>
    <ClCompile Include="network\TCP_IOObjects.cpp">
      <Filter>net</Filter>
    </ClCompile>
    <ClCompile Include="network\TCP_Network.cpp">
      <Filter>net</Filter>
    </ClCompile>
    <ClCompile Include="network\IOObjects.cpp">
      <Filter>net</Filter>
    </ClCompile>
    <ClCompile Include="network\RingBuffer.cpp">
      <Filter>net</Filter>
    </ClCompile>
    <ClCompile Include="network\IOObject.cpp">
      <Filter>net</Filter>
    </ClCompile>
    <ClCompile Include="engine\IOEngine.cpp">
      <Filter>engine</Filter>
    </ClCompile>
    <ClCompile Include="engine\IOProtocolEx.cpp">
      <Filter>engine</Filter>
    </ClCompile>
  </ItemGroup>
</Project>